
Microsoft Visual Studio Solution File, Format Version 12.00
# Visual Studio Version 17
VisualStudioVersion = 17.13.35617.110 d17.13
MinimumVisualStudioVersion = 10.0.40219.1
Project("{FAE04EC0-301F-11D3-BF4B-00C04F79EFBC}") = "GitHubRepoSearchApi", "GitHubRepoSearchApi.csproj", "{DEB9BBD2-45D1-61FF-58AF-0210ACE8A229}"
EndProject
Global
	GlobalSection(SolutionConfigurationPlatforms) = preSolution
		Debug|Any CPU = Debug|Any CPU
		Release|Any CPU = Release|Any CPU
	EndGlobalSection
	GlobalSection(ProjectConfigurationPlatforms) = postSolution
		{DEB9BBD2-45D1-61FF-58AF-0210ACE8A229}.Debug|Any CPU.ActiveCfg = Debug|Any CPU
		{DEB9BBD2-45D1-61FF-58AF-0210ACE8A229}.Debug|Any CPU.Build.0 = Debug|Any CPU
		{DEB9BBD2-45D1-61FF-58AF-0210ACE8A229}.Release|Any CPU.ActiveCfg = Release|Any CPU
		{DEB9BBD2-45D1-61FF-58AF-0210ACE8A229}.Release|Any CPU.Build.0 = Release|Any CPU
	EndGlobalSection
	GlobalSection(SolutionProperties) = preSolution
		HideSolutionNode = FALSE
	EndGlobalSection
	GlobalSection(ExtensibilityGlobals) = postSolution
		SolutionGuid = {77B5F917-566F-4911-90B3-788E0ADAAB8B}
	EndGlobalSection
EndGlobal
